
Microsoft Visual Studio Solution File, Format Version 12.00
# Visual Studio Version 16
VisualStudioVersion = 16.0.31702.278
MinimumVisualStudioVersion = 10.0.40219.1
Project("{8BC9CEB8-8B4A-11D0-8D11-00A0C91BC942}") = "Ds project", "Ds project.vcxproj", "{99A2080A-A9C9-4C39-8C09-E7DBB346F94B}"
EndProject
Global
	GlobalSection(SolutionConfigurationPlatforms) = preSolution
		Debug|x64 = Debug|x64
		Debug|x86 = Debug|x86
		Release|x64 = Release|x64
		Release|x86 = Release|x86
	EndGlobalSection
	GlobalSection(ProjectConfigurationPlatforms) = postSolution
		{99A2080A-A9C9-4C39-8C09-E7DBB346F94B}.Debug|x64.ActiveCfg = Debug|x64
		{99A2080A-A9C9-4C39-8C09-E7DBB346F94B}.Debug|x64.Build.0 = Debug|x64
		{99A2080A-A9C9-4C39-8C09-E7DBB346F94B}.Debug|x86.ActiveCfg = Debug|Win32
		{99A2080A-A9C9-4C39-8C09-E7DBB346F94B}.Debug|x86.Build.0 = Debug|Win32
		{99A2080A-A9C9-4C39-8C09-E7DBB346F94B}.Release|x64.ActiveCfg = Release|x64
		{99A2080A-A9C9-4C39-8C09-E7DBB346F94B}.Release|x64.Build.0 = Release|x64
		{99A2080A-A9C9-4C39-8C09-E7DBB346F94B}.Release|x86.ActiveCfg = Release|Win32
		{99A2080A-A9C9-4C39-8C09-E7DBB346F94B}.Release|x86.Build.0 = Release|Win32
	EndGlobalSection
	GlobalSection(SolutionProperties) = preSolution
		HideSolutionNode = FALSE
	EndGlobalSection
	GlobalSection(ExtensibilityGlobals) = postSolution
		SolutionGuid = {3C8D849E-A323-4E51-8295-7C4F634B22EA}
	EndGlobalSection
EndGlobal
